<?xml version="1.0" encoding="utf-8"?>
<Project ToolsVersion="4.0" xmlns="http://schemas.microsoft.com/developer/msbuild/2003">
  <ItemGroup>
    <Filter Include="소스 파일">
      <UniqueIdentifier>{4FC737F1-C7A5-4376-A066-2A32D752A2FF}</UniqueIdentifier>
      <Extensions>cpp;c;cc;cxx;c++;cppm;ixx;def;odl;idl;hpj;bat;asm;asmx</Extensions>
    </Filter>
    <Filter Include="헤더 파일">
      <UniqueIdentifier>{93995380-89BD-4b04-88EB-625FBE52EBFB}</UniqueIdentifier>
      <Extensions>h;hh;hpp;hxx;h++;hm;inl;inc;ipp;xsd</Extensions>
    </Filter>
    <Filter Include="리소스 파일">
      <UniqueIdentifier>{67DA6AB6-F800-4c08-8B7A-83BB121AAD01}</UniqueIdentifier>
      <Extensions>rc;ico;cur;bmp;dlg;rc2;rct;bin;rgs;gif;jpg;jpeg;jpe;resx;tiff;tif;png;wav;mfcribbon-ms</Extensions>
    </Filter>
    <Filter Include="설정 파일">
      <UniqueIdentifier>{93659159-b533-4462-a7e8-aac33f439fda}</UniqueIdentifier>
    </Filter>
  </ItemGroup>
  <ItemGroup>
    <ClInclude Include="INC\Geometry.h">
      <Filter>헤더 파일</Filter>
    </ClInclude>
    <ClInclude Include="INC\Polynomial.h">
      <Filter>헤더 파일</Filter>
    </ClInclude>
    <ClInclude Include="INC\Reference_Geometry.h">
      <Filter>헤더 파일</Filter>
    </ClInclude>
    <ClInclude Include="INC\Vector_Function.h">
      <Filter>헤더 파일</Filter>
    </ClInclude>
    <ClInclude Include="INC\Euclidean_Vector.h">
      <Filter>헤더 파일</Filter>
    </ClInclude>
    <ClInclude Include="INC\Exception.h">
      <Filter>헤더 파일</Filter>
    </ClInclude>
    <ClInclude Include="INC\Matrix.h">
      <Filter>헤더 파일</Filter>
    </ClInclude>
    <ClInclude Include="INC\Discrete_Solution.h">
      <Filter>헤더 파일</Filter>
    </ClInclude>
    <ClInclude Include="INC\Grid.h">
      <Filter>헤더 파일</Filter>
    </ClInclude>
    <ClInclude Include="INC\Semi_Discrete_Equation.h">
      <Filter>헤더 파일</Filter>
    </ClInclude>
    <ClInclude Include="INC\Cells_HOM.h">
      <Filter>헤더 파일</Filter>
    </ClInclude>
    <ClInclude Include="INC\Discrete_Equation.h">
      <Filter>헤더 파일</Filter>
    </ClInclude>
    <ClInclude Include="INC\Time_Discrete_Scheme.h">
      <Filter>헤더 파일</Filter>
    </ClInclude>
    <ClInclude Include="INC\Solve_Controller.h">
      <Filter>헤더 파일</Filter>
    </ClInclude>
    <ClInclude Include="INC\Face.h">
      <Filter>헤더 파일</Filter>
    </ClInclude>
    <ClInclude Include="INC\Time_Step_Calculator.h">
      <Filter>헤더 파일</Filter>
    </ClInclude>
    <ClInclude Include="INC\Governing_Equation.h">
      <Filter>헤더 파일</Filter>
    </ClInclude>
    <ClInclude Include="INC\Element.h">
      <Filter>헤더 파일</Filter>
    </ClInclude>
  </ItemGroup>
  <ItemGroup>
    <ClCompile Include="SRC\Euclidean_Vector.cpp">
      <Filter>소스 파일</Filter>
    </ClCompile>
    <ClCompile Include="SRC\Geometry.cpp">
      <Filter>소스 파일</Filter>
    </ClCompile>
    <ClCompile Include="SRC\Polynomial.cpp">
      <Filter>소스 파일</Filter>
    </ClCompile>
    <ClCompile Include="SRC\Reference_Geometry.cpp">
      <Filter>소스 파일</Filter>
    </ClCompile>
    <ClCompile Include="SRC\Matrix.cpp">
      <Filter>소스 파일</Filter>
    </ClCompile>
    <ClCompile Include="SRC\Discrete_Solution.cpp">
      <Filter>소스 파일</Filter>
    </ClCompile>
    <ClCompile Include="SRC\Grid.cpp">
      <Filter>소스 파일</Filter>
    </ClCompile>
    <ClCompile Include="SRC\Time_Discrete_Scheme.cpp">
      <Filter>소스 파일</Filter>
    </ClCompile>
    <ClCompile Include="SRC\Discrete_Equation.cpp">
      <Filter>소스 파일</Filter>
    </ClCompile>
    <ClCompile Include="SRC\Solve_Controller.cpp">
      <Filter>소스 파일</Filter>
    </ClCompile>
    <ClCompile Include="SRC\Time_Step_Calculator.cpp">
      <Filter>소스 파일</Filter>
    </ClCompile>
  </ItemGroup>
  <ItemGroup>
    <None Include="RSC\configuration.dat">
      <Filter>설정 파일</Filter>
    </None>
  </ItemGroup>
</Project>