<?xml version="1.0" encoding="utf-8"?>
<Project ToolsVersion="4.0" xmlns="http://schemas.microsoft.com/developer/msbuild/2003">
  <ItemGroup>
    <Filter Include="소스 파일">
      <UniqueIdentifier>{4FC737F1-C7A5-4376-A066-2A32D752A2FF}</UniqueIdentifier>
      <Extensions>cpp;c;cc;cxx;c++;cppm;ixx;def;odl;idl;hpj;bat;asm;asmx</Extensions>
    </Filter>
    <Filter Include="헤더 파일">
      <UniqueIdentifier>{93995380-89BD-4b04-88EB-625FBE52EBFB}</UniqueIdentifier>
      <Extensions>h;hh;hpp;hxx;h++;hm;inl;inc;ipp;xsd</Extensions>
    </Filter>
    <Filter Include="리소스 파일">
      <UniqueIdentifier>{67DA6AB6-F800-4c08-8B7A-83BB121AAD01}</UniqueIdentifier>
      <Extensions>rc;ico;cur;bmp;dlg;rc2;rct;bin;rgs;gif;jpg;jpeg;jpe;resx;tiff;tif;png;wav;mfcribbon-ms</Extensions>
    </Filter>
    <Filter Include="설정 파일">
      <UniqueIdentifier>{93659159-b533-4462-a7e8-aac33f439fda}</UniqueIdentifier>
    </Filter>
  </ItemGroup>
  <ItemGroup>
    <ClCompile Include="SRC\Boundary_Flux_Function.cpp">
      <Filter>소스 파일</Filter>
    </ClCompile>
    <ClCompile Include="SRC\Governing_Equation.cpp">
      <Filter>소스 파일</Filter>
    </ClCompile>
    <ClCompile Include="SRC\Grid_File_Type.cpp">
      <Filter>소스 파일</Filter>
    </ClCompile>
    <ClCompile Include="SRC\Initial_Condition.cpp">
      <Filter>소스 파일</Filter>
    </ClCompile>
    <ClCompile Include="SRC\main.cpp">
      <Filter>소스 파일</Filter>
    </ClCompile>
    <ClCompile Include="SRC\Matrix.cpp">
      <Filter>소스 파일</Filter>
    </ClCompile>
    <ClCompile Include="SRC\Numerical_Flux_Function.cpp">
      <Filter>소스 파일</Filter>
    </ClCompile>
    <ClCompile Include="SRC\PostAI.cpp">
      <Filter>소스 파일</Filter>
    </ClCompile>
    <ClCompile Include="SRC\Profiler.cpp">
      <Filter>소스 파일</Filter>
    </ClCompile>
    <ClCompile Include="SRC\Text.cpp">
      <Filter>소스 파일</Filter>
    </ClCompile>
    <ClCompile Include="SRC\Polynomial.cpp">
      <Filter>소스 파일</Filter>
    </ClCompile>
    <ClCompile Include="SRC\Euclidean_Vector.cpp">
      <Filter>소스 파일</Filter>
    </ClCompile>
  </ItemGroup>
  <ItemGroup>
    <ClInclude Include="INC\Boundaries.h">
      <Filter>헤더 파일</Filter>
    </ClInclude>
    <ClInclude Include="INC\Boundaries_FVM.h">
      <Filter>헤더 파일</Filter>
    </ClInclude>
    <ClInclude Include="INC\Boundary_Flux_Function.h">
      <Filter>헤더 파일</Filter>
    </ClInclude>
    <ClInclude Include="INC\Cells.h">
      <Filter>헤더 파일</Filter>
    </ClInclude>
    <ClInclude Include="INC\Cells_FVM.h">
      <Filter>헤더 파일</Filter>
    </ClInclude>
    <ClInclude Include="INC\Discrete_Equation.h">
      <Filter>헤더 파일</Filter>
    </ClInclude>
    <ClInclude Include="INC\Element.h">
      <Filter>헤더 파일</Filter>
    </ClInclude>
    <ClInclude Include="INC\Euclidean_Vector.h">
      <Filter>헤더 파일</Filter>
    </ClInclude>
    <ClInclude Include="INC\Governing_Equation.h">
      <Filter>헤더 파일</Filter>
    </ClInclude>
    <ClInclude Include="INC\Gradient_Method.h">
      <Filter>헤더 파일</Filter>
    </ClInclude>
    <ClInclude Include="INC\Grid_Builder.h">
      <Filter>헤더 파일</Filter>
    </ClInclude>
    <ClInclude Include="INC\Grid_Element_Builder.h">
      <Filter>헤더 파일</Filter>
    </ClInclude>
    <ClInclude Include="INC\Grid_File_Type.h">
      <Filter>헤더 파일</Filter>
    </ClInclude>
    <ClInclude Include="INC\Inital_Condition.h">
      <Filter>헤더 파일</Filter>
    </ClInclude>
    <ClInclude Include="INC\Inner_Faces.h">
      <Filter>헤더 파일</Filter>
    </ClInclude>
    <ClInclude Include="INC\Inner_Faces_FVM.h">
      <Filter>헤더 파일</Filter>
    </ClInclude>
    <ClInclude Include="INC\Log.h">
      <Filter>헤더 파일</Filter>
    </ClInclude>
    <ClInclude Include="INC\Matrix.h">
      <Filter>헤더 파일</Filter>
    </ClInclude>
    <ClInclude Include="INC\Numerical_Flux_Function.h">
      <Filter>헤더 파일</Filter>
    </ClInclude>
    <ClInclude Include="INC\Periodic_Boundaries.h">
      <Filter>헤더 파일</Filter>
    </ClInclude>
    <ClInclude Include="INC\Periodic_Boundaries_FVM.h">
      <Filter>헤더 파일</Filter>
    </ClInclude>
    <ClInclude Include="INC\Post_Solution_Data.h">
      <Filter>헤더 파일</Filter>
    </ClInclude>
    <ClInclude Include="INC\PostAI.h">
      <Filter>헤더 파일</Filter>
    </ClInclude>
    <ClInclude Include="INC\Profiler.h">
      <Filter>헤더 파일</Filter>
    </ClInclude>
    <ClInclude Include="INC\Reconstruction_Method_FVM.h">
      <Filter>헤더 파일</Filter>
    </ClInclude>
    <ClInclude Include="INC\Semi_Discrete_Equation.h">
      <Filter>헤더 파일</Filter>
    </ClInclude>
    <ClInclude Include="INC\Solve_Condition.h">
      <Filter>헤더 파일</Filter>
    </ClInclude>
    <ClInclude Include="INC\Spatial_Discrete_Method.h">
      <Filter>헤더 파일</Filter>
    </ClInclude>
    <ClInclude Include="INC\Text.h">
      <Filter>헤더 파일</Filter>
    </ClInclude>
    <ClInclude Include="INC\Time_Integral_Method.h">
      <Filter>헤더 파일</Filter>
    </ClInclude>
    <ClInclude Include="INC\Time_Step_Method.h">
      <Filter>헤더 파일</Filter>
    </ClInclude>
    <ClInclude Include="INC\Setting.h">
      <Filter>설정 파일</Filter>
    </ClInclude>
    <ClInclude Include="INC\Polynomial.h">
      <Filter>헤더 파일</Filter>
    </ClInclude>
    <ClInclude Include="INC\Vector_Function.h">
      <Filter>헤더 파일</Filter>
    </ClInclude>
    <ClInclude Include="INC\Cells_HOM.h">
      <Filter>헤더 파일</Filter>
    </ClInclude>
    <ClInclude Include="INC\Boundaries_HOM.h">
      <Filter>헤더 파일</Filter>
    </ClInclude>
    <ClInclude Include="INC\Inner_Faces_HOM.h">
      <Filter>헤더 파일</Filter>
    </ClInclude>
    <ClInclude Include="INC\Periodic_Boundaries_HOM.h">
      <Filter>헤더 파일</Filter>
    </ClInclude>
    <ClInclude Include="INC\Setting_Base.h">
      <Filter>설정 파일</Filter>
    </ClInclude>
    <ClInclude Include="INC\Reconstruction_Method_HOM.h">
      <Filter>헤더 파일</Filter>
    </ClInclude>
    <ClInclude Include="INC\Solution_Scaling_Method.h">
      <Filter>헤더 파일</Filter>
    </ClInclude>
  </ItemGroup>
</Project>