<?xml version="1.0" encoding="utf-8"?>
<Project ToolsVersion="4.0" xmlns="http://schemas.microsoft.com/developer/msbuild/2003">
  <ItemGroup>
    <Filter Include="소스 파일">
      <UniqueIdentifier>{4FC737F1-C7A5-4376-A066-2A32D752A2FF}</UniqueIdentifier>
      <Extensions>cpp;c;cc;cxx;c++;cppm;ixx;def;odl;idl;hpj;bat;asm;asmx</Extensions>
    </Filter>
    <Filter Include="헤더 파일">
      <UniqueIdentifier>{93995380-89BD-4b04-88EB-625FBE52EBFB}</UniqueIdentifier>
      <Extensions>h;hh;hpp;hxx;h++;hm;inl;inc;ipp;xsd</Extensions>
    </Filter>
    <Filter Include="리소스 파일">
      <UniqueIdentifier>{67DA6AB6-F800-4c08-8B7A-83BB121AAD01}</UniqueIdentifier>
      <Extensions>rc;ico;cur;bmp;dlg;rc2;rct;bin;rgs;gif;jpg;jpeg;jpe;resx;tiff;tif;png;wav;mfcribbon-ms</Extensions>
    </Filter>
    <Filter Include="헤더 파일\Post">
      <UniqueIdentifier>{62c8d158-c725-4982-890d-7a1f49bf4843}</UniqueIdentifier>
    </Filter>
    <Filter Include="소스 파일\Post">
      <UniqueIdentifier>{23194e35-0534-436a-9273-6ed461b70304}</UniqueIdentifier>
    </Filter>
    <Filter Include="헤더 파일\Grid">
      <UniqueIdentifier>{76170e15-bd82-4fa0-8bb6-e01a47233b06}</UniqueIdentifier>
    </Filter>
    <Filter Include="소스 파일\Grid">
      <UniqueIdentifier>{fde4899d-6b51-46ea-b7c5-38f8335a2abd}</UniqueIdentifier>
    </Filter>
  </ItemGroup>
  <ItemGroup>
    <ClCompile Include="SRC\Governing_Equation.cpp">
      <Filter>소스 파일</Filter>
    </ClCompile>
    <ClCompile Include="SRC\Euclidean_Vector.cpp">
      <Filter>소스 파일</Filter>
    </ClCompile>
    <ClCompile Include="SRC\Matrix.cpp">
      <Filter>소스 파일</Filter>
    </ClCompile>
    <ClCompile Include="SRC\Text.cpp">
      <Filter>소스 파일</Filter>
    </ClCompile>
    <ClCompile Include="SRC\main.cpp">
      <Filter>소스 파일</Filter>
    </ClCompile>
    <ClCompile Include="SRC\Tecplot_File_Writer.cpp">
      <Filter>소스 파일\Post</Filter>
    </ClCompile>
    <ClCompile Include="SRC\Boundaries.cpp">
      <Filter>소스 파일</Filter>
    </ClCompile>
    <ClCompile Include="SRC\Boundary_Flux_Function.cpp">
      <Filter>소스 파일</Filter>
    </ClCompile>
    <ClCompile Include="SRC\Elements.cpp">
      <Filter>소스 파일\Grid</Filter>
    </ClCompile>
    <ClCompile Include="SRC\Geometry.cpp">
      <Filter>소스 파일\Grid</Filter>
    </ClCompile>
    <ClCompile Include="SRC\Grid.cpp">
      <Filter>소스 파일\Grid</Filter>
    </ClCompile>
    <ClCompile Include="SRC\Polynomial.cpp">
      <Filter>소스 파일\Grid</Filter>
    </ClCompile>
    <ClCompile Include="SRC\Reference_Geometry.cpp">
      <Filter>소스 파일\Grid</Filter>
    </ClCompile>
    <ClCompile Include="SRC\Numerical_Flux_Function.cpp">
      <Filter>소스 파일</Filter>
    </ClCompile>
    <ClCompile Include="SRC\Grid_File_Convertor.cpp">
      <Filter>소스 파일\Grid</Filter>
    </ClCompile>
    <ClCompile Include="SRC\Profiler.cpp">
      <Filter>소스 파일</Filter>
    </ClCompile>
    <ClCompile Include="SRC\Initial_Condition.cpp">
      <Filter>소스 파일</Filter>
    </ClCompile>
  </ItemGroup>
  <ItemGroup>
    <ClInclude Include="INC\Governing_Equation.h">
      <Filter>헤더 파일</Filter>
    </ClInclude>
    <ClInclude Include="INC\Configuration.h">
      <Filter>헤더 파일</Filter>
    </ClInclude>
    <ClInclude Include="INC\Euclidean_Vector.h">
      <Filter>헤더 파일</Filter>
    </ClInclude>
    <ClInclude Include="INC\Matrix.h">
      <Filter>헤더 파일</Filter>
    </ClInclude>
    <ClInclude Include="INC\Exception.h">
      <Filter>헤더 파일</Filter>
    </ClInclude>
    <ClInclude Include="INC\Text.h">
      <Filter>헤더 파일</Filter>
    </ClInclude>
    <ClInclude Include="INC\Tecplot_File_Writer.h">
      <Filter>헤더 파일\Post</Filter>
    </ClInclude>
    <ClInclude Include="INC\Boundaries.h">
      <Filter>헤더 파일</Filter>
    </ClInclude>
    <ClInclude Include="INC\Boundary_Flux_Function.h">
      <Filter>헤더 파일</Filter>
    </ClInclude>
    <ClInclude Include="INC\Element.h">
      <Filter>헤더 파일\Grid</Filter>
    </ClInclude>
    <ClInclude Include="INC\Geometry.h">
      <Filter>헤더 파일\Grid</Filter>
    </ClInclude>
    <ClInclude Include="INC\Grid.h">
      <Filter>헤더 파일\Grid</Filter>
    </ClInclude>
    <ClInclude Include="INC\Polynomial.h">
      <Filter>헤더 파일\Grid</Filter>
    </ClInclude>
    <ClInclude Include="INC\Reference_Geometry.h">
      <Filter>헤더 파일\Grid</Filter>
    </ClInclude>
    <ClInclude Include="INC\Numerical_Flux_Function.h">
      <Filter>헤더 파일</Filter>
    </ClInclude>
    <ClInclude Include="INC\Grid_File_Convertor.h">
      <Filter>헤더 파일\Grid</Filter>
    </ClInclude>
    <ClInclude Include="INC\Log.h">
      <Filter>헤더 파일</Filter>
    </ClInclude>
    <ClInclude Include="INC\Profiler.h">
      <Filter>헤더 파일</Filter>
    </ClInclude>
    <ClInclude Include="INC\Initial_Condition.h">
      <Filter>헤더 파일</Filter>
    </ClInclude>
  </ItemGroup>
  <ItemGroup>
    <None Include="RSC\configuration.dat">
      <Filter>리소스 파일</Filter>
    </None>
  </ItemGroup>
</Project>