<?xml version="1.0" encoding="utf-8"?>
<Project ToolsVersion="4.0" xmlns="http://schemas.microsoft.com/developer/msbuild/2003">
  <ItemGroup>
    <ClCompile Include="test_Reconstruction_Method.cpp" />
    <ClCompile Include="test_Boundary_Flux_Function.cpp" />
    <ClCompile Include="test_Element.cpp" />
    <ClCompile Include="test_Euclidean_Vector.cpp" />
    <ClCompile Include="test_Governing_Equation.cpp" />
    <ClCompile Include="test_Grid_Builder.cpp" />
    <ClCompile Include="test_Grid_File_Convertor.cpp" />
    <ClCompile Include="test_Grid_File_Type.cpp" />
    <ClCompile Include="test_Matrix.cpp" />
    <ClCompile Include="test_Polynomial.cpp" />
    <ClCompile Include="test_PostAI.cpp" />
    <ClCompile Include="test_Text.cpp" />
    <ClCompile Include="test_Vector_Function.cpp" />
  </ItemGroup>
</Project>